
Microsoft Visual Studio Solution File, Format Version 12.00
# Visual Studio 15
Project("{FAE04EC0-301F-11D3-BF4B-00C04F79EFBC}") = "CardProjUnit", "CardProjUnit.csproj", "{9BF623FF-4D03-6963-B7F5-582B0FE7FAE4}"
EndProject
Global
	GlobalSection(SolutionConfigurationPlatforms) = preSolution
		Debug|Any CPU = Debug|Any CPU
		Release|Any CPU = Release|Any CPU
	EndGlobalSection
	GlobalSection(ProjectConfigurationPlatforms) = postSolution
		{9BF623FF-4D03-6963-B7F5-582B0FE7FAE4}.Debug|Any CPU.ActiveCfg = Debug|Any CPU
		{9BF623FF-4D03-6963-B7F5-582B0FE7FAE4}.Debug|Any CPU.Build.0 = Debug|Any CPU
		{9BF623FF-4D03-6963-B7F5-582B0FE7FAE4}.Release|Any CPU.ActiveCfg = Release|Any CPU
		{9BF623FF-4D03-6963-B7F5-582B0FE7FAE4}.Release|Any CPU.Build.0 = Release|Any CPU
	EndGlobalSection
	GlobalSection(SolutionProperties) = preSolution
		HideSolutionNode = FALSE
	EndGlobalSection
EndGlobal
